github.com/google/go-cmp v0.5.4 h1:L8R9j+yAqZuZjsqh/z+F1NCffTKKLShY6zXTItVIZ8M=
github.com/google/go-cmp v0.5.4/go.mod h1:v8dTdLbMG2kIc/vJvl+f65V22dbkXbowE6jgT/gNBxE=
github.com/mellowdrifter/bogons v1.0.0 h1:St3OzZafo84y3Db6z1wYZVJKHK5of4gEyvKQdOJubos=
github.com/mellowdrifter/bogons v1.0.0/go.mod h1:B6j4/g7qNRMJJEA3uJuqXJq6i02mGjQaWZo7yr8X+1g=
golang.org/x/xerrors v0.0.0-20191204190536-9bdfabe68543 h1:E7g+9GITq07hpfrRu66IVDexMakfv52eLZ2CXBWiKr4=
golang.org/x/xerrors v0.0.0-20191204190536-9bdfabe68543/go.mod h1:I/5z698sn9Ka8TeJc9MKroUUfqBBauWjQqLJ2OPfmY0=
